
Microsoft Visual Studio Solution File, Format Version 12.00
# Visual Studio Version 16
VisualStudioVersion = 16.0.31605.320
MinimumVisualStudioVersion = 10.0.40219.1
Project("{FAE04EC0-301F-11D3-BF4B-00C04F79EFBC}") = "ReticleChange", "ReticleChange.csproj", "{E1F9EC77-BFF8-4065-8937-9A5A99CBAC01}"
EndProject
Global
	GlobalSection(SolutionConfigurationPlatforms) = preSolution
		Debug|Any CPU = Debug|Any CPU
		Release|Any CPU = Release|Any CPU
	EndGlobalSection
	GlobalSection(ProjectConfigurationPlatforms) = postSolution
		{E1F9EC77-BFF8-4065-8937-9A5A99CBAC01}.Debug|Any CPU.ActiveCfg = Debug|Any CPU
		{E1F9EC77-BFF8-4065-8937-9A5A99CBAC01}.Debug|Any CPU.Build.0 = Debug|Any CPU
		{E1F9EC77-BFF8-4065-8937-9A5A99CBAC01}.Release|Any CPU.ActiveCfg = Release|Any CPU
		{E1F9EC77-BFF8-4065-8937-9A5A99CBAC01}.Release|Any CPU.Build.0 = Release|Any CPU
	EndGlobalSection
	GlobalSection(SolutionProperties) = preSolution
		HideSolutionNode = FALSE
	EndGlobalSection
	GlobalSection(ExtensibilityGlobals) = postSolution
		SolutionGuid = {8C907070-6DDD-4F05-95FA-C6A8222B168F}
	EndGlobalSection
EndGlobal
